{
  "lockfileVersion": 1,
  "configVersion": 1,
  "workspaces": {
    "": {
      "name": "p8-ts-demo",
      "dependencies": {
        "tstp8": "^0.2.2",
      },
      "peerDependencies": {
        "typescript": "^5",
      },
    },
  },
  "packages": {
    "@emnapi/core": ["@emnapi/core@1.7.1", "", { "dependencies": { "@emnapi/wasi-threads": "1.1.0", "tslib": "^2.4.0" } }, "sha512-o1uhUASyo921r2XtHYOHy7gdkGLge8ghBEQHMWmyJFoXlpU58kIrhhN3w26lpQb6dspetweapMn2CSNwQ8I4wg=="],

    "@emnapi/runtime": ["@emnapi/runtime@1.7.1", "", { "dependencies": { "tslib": "^2.4.0" } }, "sha512-PVtJr5CmLwYAU9PZDMITZoR5iAOShYREoR45EyyLrbntV50mdePTgUn4AmOw90Ifcj+x2kRjdzr1HP3RrNiHGA=="],

    "@emnapi/wasi-threads": ["@emnapi/wasi-threads@1.1.0", "", { "dependencies": { "tslib": "^2.4.0" } }, "sha512-WI0DdZ8xFSbgMjR1sFsKABJ/C5OnRrjT06JXbZKexJGrDuPTzZdDYfFlsgcCXCyf+suG5QU2e/y1Wo2V/OapLQ=="],

    "@napi-rs/wasm-runtime": ["@napi-rs/wasm-runtime@1.0.7", "", { "dependencies": { "@emnapi/core": "^1.5.0", "@emnapi/runtime": "^1.5.0", "@tybys/wasm-util": "^0.10.1" } }, "sha512-SeDnOO0Tk7Okiq6DbXmmBODgOAb9dp9gjlphokTUxmt8U3liIP1ZsozBahH69j/RJv+Rfs6IwUKHTgQYJ/HBAw=="],

    "@oxc-transform/binding-android-arm64": ["@oxc-transform/binding-android-arm64@0.97.0", "", { "os": "android", "cpu": "arm64" }, "sha512-gZgdFI/F5aDdDyLNo2EQBYP6PZ8Q4cWbGdgGKvrHGLr2yKVTIJ8gE3m9mVOCvb2KNS15vmXwtEsOcsac18pg/Q=="],

    "@oxc-transform/binding-darwin-arm64": ["@oxc-transform/binding-darwin-arm64@0.97.0", "", { "os": "darwin", "cpu": "arm64" }, "sha512-6JTUuHmh3IOmUbDj61cYkxemBYmMK9Qa2gwQPz0/k2DNUzXKO7c9VC8LHnPEAdNovQH5OBsskNa63zuo2rPzjQ=="],

    "@oxc-transform/binding-darwin-x64": ["@oxc-transform/binding-darwin-x64@0.97.0", "", { "os": "darwin", "cpu": "x64" }, "sha512-xU3uoBd4sR+9oilAl1OafDeDJljaZ9Jw1JPBnP9D1ZobfEJaxaQlr81VZdzHmu3lTfuUhBTd1ChGU5WFvmrwiw=="],

    "@oxc-transform/binding-freebsd-x64": ["@oxc-transform/binding-freebsd-x64@0.97.0", "", { "os": "freebsd", "cpu": "x64" }, "sha512-AsYVHk2Aq4AzgxAxkqceGzUsVdfoUDgGX2tQc/O2fNhKSnO5297mW/06AJExNbSxZfP/S85iaeTVGqTGr1v6Gw=="],

    "@oxc-transform/binding-linux-arm-gnueabihf": ["@oxc-transform/binding-linux-arm-gnueabihf@0.97.0", "", { "os": "linux", "cpu": "arm" }, "sha512-06prLOa1wQc/vJRsCIUYLkr0YShkl1lvGkTJK3Ygg8RB4SpYUkCZEmCFAdilg8SkI1mLr3rxSvlY8SicH0vLdw=="],

    "@oxc-transform/binding-linux-arm-musleabihf": ["@oxc-transform/binding-linux-arm-musleabihf@0.97.0", "", { "os": "linux", "cpu": "arm" }, "sha512-b7yslA+e6rPI4yMN1H/sVWH2SPRsP1OVfLMm3Von8PMTYl6A6YIB11ujVe2kI2zJJgCwIZpumH/PCgNgnHswdQ=="],

    "@oxc-transform/binding-linux-arm64-gnu": ["@oxc-transform/binding-linux-arm64-gnu@0.97.0", "", { "os": "linux", "cpu": "arm64" }, "sha512-ZPbn5Kf8ha9PZkIomNdcUULuYihdcwmuzd+97OH+fSDd/Ih7SUAZcMWkV390YDhSkn+M1rFhhctNzvyq12D03Q=="],

    "@oxc-transform/binding-linux-arm64-musl": ["@oxc-transform/binding-linux-arm64-musl@0.97.0", "", { "os": "linux", "cpu": "arm64" }, "sha512-8G3QSis4HaGgzQr+9lwrZ21D5xbaZdl7Lr3YflLzRzTXLjTmypHNqBc39ixv7UJXv8U4X7QX2gTwt+eTYVnuOg=="],

    "@oxc-transform/binding-linux-riscv64-gnu": ["@oxc-transform/binding-linux-riscv64-gnu@0.97.0", "", { "os": "linux", "cpu": "none" }, "sha512-VjlOW1L2f9DUC6KH9h/KNjbea3gm0IxGDlWlAJ6H4OOAjeIPMsTdb2GVBFL/bcYL6b+PfYNMS33a9+FDBg+DUQ=="],

    "@oxc-transform/binding-linux-s390x-gnu": ["@oxc-transform/binding-linux-s390x-gnu@0.97.0", "", { "os": "linux", "cpu": "s390x" }, "sha512-wMjz3U/Kd66KnyzfhkoCrwExBCsD6SuA4SbiCoVMcKixuSwn7uydeKDdnsG0zm7C/mWuHPoDeDJlBdwwgjBISg=="],

    "@oxc-transform/binding-linux-x64-gnu": ["@oxc-transform/binding-linux-x64-gnu@0.97.0", "", { "os": "linux", "cpu": "x64" }, "sha512-vKEgB43XDCVtSXuPNp2+y2LiBLSKIVLnW4ARJKPyRtZFlbovsZavdzgl3mYjARZhygGTkCh+knqHawUL+QtQOg=="],

    "@oxc-transform/binding-linux-x64-musl": ["@oxc-transform/binding-linux-x64-musl@0.97.0", "", { "os": "linux", "cpu": "x64" }, "sha512-gJq05JEv4wVglOajwQc4sQnPMl1pBVqjFmGj97BEzWAx+lTHKoCt0nqdxN1V4uxHJ8IwQcvyH1v8jWvT9HnZVw=="],

    "@oxc-transform/binding-wasm32-wasi": ["@oxc-transform/binding-wasm32-wasi@0.97.0", "", { "dependencies": { "@napi-rs/wasm-runtime": "^1.0.7" }, "cpu": "none" }, "sha512-GeQULU0NjplDPDLYHsipapD9JRh9SeX/e4eIfisCbrs7hK31uMOLQwFlRMHQkO5ATKuS/mC4Ic8bOxzn/dQYug=="],

    "@oxc-transform/binding-win32-arm64-msvc": ["@oxc-transform/binding-win32-arm64-msvc@0.97.0", "", { "os": "win32", "cpu": "arm64" }, "sha512-fSgn7Zub8gka2df22FKS6XRCCeuEgY/0HvfP3zMYaPkEKshSLxyb5Oz2epy+kfsjYDjtObW9sabtOhbb25JK4A=="],

    "@oxc-transform/binding-win32-x64-msvc": ["@oxc-transform/binding-win32-x64-msvc@0.97.0", "", { "os": "win32", "cpu": "x64" }, "sha512-3TcX7Osyz1BQEe89VzGb0FxEeQUy24VLSBV9yEtsNTBHJqb/kWcxAo7BQTsrE3asCOaAqtME+gvsMtd2HXQRAA=="],

    "@tybys/wasm-util": ["@tybys/wasm-util@0.10.1", "", { "dependencies": { "tslib": "^2.4.0" } }, "sha512-9tTaPJLSiejZKx+Bmog4uSubteqTvFrVrURwkmHixBo0G4seD0zUxp98E1DzUBJxLQ3NPwXrGKDiVjwx/DpPsg=="],

    "@typescript-to-lua/language-extensions": ["@typescript-to-lua/language-extensions@1.19.0", "", {}, "sha512-Os5wOKwviTD4LeqI29N0btYOjokSJ97iCf45EOjIABlb5IwNQy7AE/AqZJobRw3ywHH8+KzJUMkEirWPzh2tUA=="],

    "enhanced-resolve": ["enhanced-resolve@5.8.2", "", { "dependencies": { "graceful-fs": "^4.2.4", "tapable": "^2.2.0" } }, "sha512-F27oB3WuHDzvR2DOGNTaYy0D5o0cnrv8TeI482VM4kYgQd/FT9lUQwuNsJ0oOHtBUq7eiW5ytqzp7nBFknL+GA=="],

    "function-bind": ["function-bind@1.1.2", "", {}, "sha512-7XHNxH7qX9xG5mIwxkhumTox/MIRNcOgDrxWsMt2pAr23WHp6MrRlN7FBSFpCpr+oVO0F744iUgR82nJMfG2SA=="],

    "graceful-fs": ["graceful-fs@4.2.11", "", {}, "sha512-RbJ5/jmFcNNCcDV5o9eTnBLJ/HszWV0P73bc+Ff4nS/rJj+YaS6IGyiOL0VoBYX+l1Wrl3k63h/KrH+nhJ0XvQ=="],

    "hasown": ["hasown@2.0.2", "", { "dependencies": { "function-bind": "^1.1.2" } }, "sha512-0hJU9SCPvmMzIBdZFqNPXWa6dqh7WdH0cII9y+CyS8rG3nL48Bclra9HmKhVVUHyPWNH5Y7xDwAB7bfgSjkUMQ=="],

    "is-core-module": ["is-core-module@2.16.1", "", { "dependencies": { "hasown": "^2.0.2" } }, "sha512-UfoeMA6fIJ8wTYFEUjelnaGI67v6+N7qXJEvQuIGa99l4xsCruSYOVSQ0uPANn4dAzm8lkYPaKLrrijLq7x23w=="],

    "oxc-transform": ["oxc-transform@0.97.0", "", { "optionalDependencies": { "@oxc-transform/binding-android-arm64": "0.97.0", "@oxc-transform/binding-darwin-arm64": "0.97.0", "@oxc-transform/binding-darwin-x64": "0.97.0", "@oxc-transform/binding-freebsd-x64": "0.97.0", "@oxc-transform/binding-linux-arm-gnueabihf": "0.97.0", "@oxc-transform/binding-linux-arm-musleabihf": "0.97.0", "@oxc-transform/binding-linux-arm64-gnu": "0.97.0", "@oxc-transform/binding-linux-arm64-musl": "0.97.0", "@oxc-transform/binding-linux-riscv64-gnu": "0.97.0", "@oxc-transform/binding-linux-s390x-gnu": "0.97.0", "@oxc-transform/binding-linux-x64-gnu": "0.97.0", "@oxc-transform/binding-linux-x64-musl": "0.97.0", "@oxc-transform/binding-wasm32-wasi": "0.97.0", "@oxc-transform/binding-win32-arm64-msvc": "0.97.0", "@oxc-transform/binding-win32-x64-msvc": "0.97.0" } }, "sha512-aL0ghVqJClYvHlnEkihLvjDg4CBU+Z6tdEBDlGRLVJR4U2S8a8LijLbdJD/dmkhgBA9f3ZSxxYHjCjFViFCJEw=="],

    "path-parse": ["path-parse@1.0.7", "", {}, "sha512-LDJzPVEEEPR+y48z93A0Ed0yXb8pAByGWo/k5YYdYgpY2/2EsOsksJrq7lOHxryrVOn1ejG6oAp8ahvOIQD8sw=="],

    "picomatch": ["picomatch@2.3.1", "", {}, "sha512-JU3teHTNjmE2VCGFzuY8EXzCDVwEqB2a8fsIvwaStHhAWJEeVd1o1QD80CU6+ZdEXXSLbSsuLwJjkCBWqRQUVA=="],

    "resolve": ["resolve@1.22.11", "", { "dependencies": { "is-core-module": "^2.16.1", "path-parse": "^1.0.7", "supports-preserve-symlinks-flag": "^1.0.0" }, "bin": { "resolve": "bin/resolve" } }, "sha512-RfqAvLnMl313r7c9oclB1HhUEAezcpLjz95wFH4LVuhk9JF/r22qmVP9AMmOU4vMX7Q8pN8jwNg/CSpdFnMjTQ=="],

    "source-map": ["source-map@0.7.6", "", {}, "sha512-i5uvt8C3ikiWeNZSVZNWcfZPItFQOsYTUAOkcUPGd8DqDy1uOUikjt5dG+uRlwyvR108Fb9DOd4GvXfT0N2/uQ=="],

    "supports-preserve-symlinks-flag": ["supports-preserve-symlinks-flag@1.0.0", "", {}, "sha512-ot0WnXS9fgdkgIcePe6RHNk1WA8+muPa6cSjeR3V8K27q9BB1rTE3R1p7Hv0z1ZyAc8s6Vvv8DIyWf681MAt0w=="],

    "tapable": ["tapable@2.3.0", "", {}, "sha512-g9ljZiwki/LfxmQADO3dEY1CbpmXT5Hm2fJ+QaGKwSXUylMybePR7/67YW7jOrrvjEgL1Fmz5kzyAjWVWLlucg=="],

    "tslib": ["tslib@2.8.1", "", {}, "sha512-oJFu94HQb+KVduSUQL7wnpmqnfmLsOA/nAh6b6EH0wCEoK0/mPeXU6c3wKDV83MkOuHPRHtSXKKU99IBazS/2w=="],

    "tstp8": ["tstp8@0.2.2", "", { "dependencies": { "oxc-transform": "^0.97.0", "typescript-to-lua": "^1.33.0", "zod": "^4.1.12" }, "peerDependencies": { "typescript": "^5.9.3" }, "bin": { "tstp8": "out/tstp8" } }, "sha512-yTFI9BaO36josXl/m7cvRV4DZt1GMRTtZM0fbWjMbhdqWZ6hLhsWr6YPdrJNo1juMYgsizSrDtpVmwjJzUKzHQ=="],

    "typescript": ["typescript@5.9.3", "", { "bin": { "tsc": "bin/tsc", "tsserver": "bin/tsserver" } }, "sha512-jl1vZzPDinLr9eUt3J/t7V6FgNEw9QjvBPdysz9KfQDD41fQrC2Y4vKQdiaUpFT4bXlb1RHhLpp8wtm6M5TgSw=="],

    "typescript-to-lua": ["typescript-to-lua@1.33.0", "", { "dependencies": { "@typescript-to-lua/language-extensions": "1.19.0", "enhanced-resolve": "5.8.2", "picomatch": "^2.3.1", "resolve": "^1.15.1", "source-map": "^0.7.3" }, "peerDependencies": { "typescript": "5.9.3" }, "bin": { "tstl": "dist/tstl.js" } }, "sha512-fFJjP2iJ3NFOSQzAvmFOf8MCsaev531YWYAA9N+RJO/XRV0Moewq+zY7Rg5hFlMFxAJpqrk7E8nb7QcwxCy3XQ=="],

    "zod": ["zod@4.1.12", "", {}, "sha512-JInaHOamG8pt5+Ey8kGmdcAcg3OL9reK8ltczgHTAwNhMys/6ThXHityHxVV2p3fkw/c+MAvBHFVYHFZDmjMCQ=="],
  }
}
