{
  "lockfileVersion": 1,
  "configVersion": 1,
  "workspaces": {
    "": {
      "name": "p8-ts-demo",
      "dependencies": {
        "tstp8": "0.0.2",
      },
      "devDependencies": {
        "@types/bun": "latest",
      },
      "peerDependencies": {
        "typescript": "^5",
      },
    },
  },
  "packages": {
    "@emnapi/core": ["@emnapi/core@1.7.0", "", { "dependencies": { "@emnapi/wasi-threads": "1.1.0", "tslib": "^2.4.0" } }, "sha512-pJdKGq/1iquWYtv1RRSljZklxHCOCAJFJrImO5ZLKPJVJlVUcs8yFwNQlqS0Lo8xT1VAXXTCZocF9n26FWEKsw=="],

    "@emnapi/runtime": ["@emnapi/runtime@1.7.0", "", { "dependencies": { "tslib": "^2.4.0" } }, "sha512-oAYoQnCYaQZKVS53Fq23ceWMRxq5EhQsE0x0RdQ55jT7wagMu5k+fS39v1fiSLrtrLQlXwVINenqhLMtTrV/1Q=="],

    "@emnapi/wasi-threads": ["@emnapi/wasi-threads@1.1.0", "", { "dependencies": { "tslib": "^2.4.0" } }, "sha512-WI0DdZ8xFSbgMjR1sFsKABJ/C5OnRrjT06JXbZKexJGrDuPTzZdDYfFlsgcCXCyf+suG5QU2e/y1Wo2V/OapLQ=="],

    "@napi-rs/wasm-runtime": ["@napi-rs/wasm-runtime@1.0.7", "", { "dependencies": { "@emnapi/core": "^1.5.0", "@emnapi/runtime": "^1.5.0", "@tybys/wasm-util": "^0.10.1" } }, "sha512-SeDnOO0Tk7Okiq6DbXmmBODgOAb9dp9gjlphokTUxmt8U3liIP1ZsozBahH69j/RJv+Rfs6IwUKHTgQYJ/HBAw=="],

    "@oxc-transform/binding-android-arm64": ["@oxc-transform/binding-android-arm64@0.97.0", "", { "os": "android", "cpu": "arm64" }, "sha512-gZgdFI/F5aDdDyLNo2EQBYP6PZ8Q4cWbGdgGKvrHGLr2yKVTIJ8gE3m9mVOCvb2KNS15vmXwtEsOcsac18pg/Q=="],

    "@oxc-transform/binding-darwin-arm64": ["@oxc-transform/binding-darwin-arm64@0.97.0", "", { "os": "darwin", "cpu": "arm64" }, "sha512-6JTUuHmh3IOmUbDj61cYkxemBYmMK9Qa2gwQPz0/k2DNUzXKO7c9VC8LHnPEAdNovQH5OBsskNa63zuo2rPzjQ=="],

    "@oxc-transform/binding-darwin-x64": ["@oxc-transform/binding-darwin-x64@0.97.0", "", { "os": "darwin", "cpu": "x64" }, "sha512-xU3uoBd4sR+9oilAl1OafDeDJljaZ9Jw1JPBnP9D1ZobfEJaxaQlr81VZdzHmu3lTfuUhBTd1ChGU5WFvmrwiw=="],

    "@oxc-transform/binding-freebsd-x64": ["@oxc-transform/binding-freebsd-x64@0.97.0", "", { "os": "freebsd", "cpu": "x64" }, "sha512-AsYVHk2Aq4AzgxAxkqceGzUsVdfoUDgGX2tQc/O2fNhKSnO5297mW/06AJExNbSxZfP/S85iaeTVGqTGr1v6Gw=="],

    "@oxc-transform/binding-linux-arm-gnueabihf": ["@oxc-transform/binding-linux-arm-gnueabihf@0.97.0", "", { "os": "linux", "cpu": "arm" }, "sha512-06prLOa1wQc/vJRsCIUYLkr0YShkl1lvGkTJK3Ygg8RB4SpYUkCZEmCFAdilg8SkI1mLr3rxSvlY8SicH0vLdw=="],

    "@oxc-transform/binding-linux-arm-musleabihf": ["@oxc-transform/binding-linux-arm-musleabihf@0.97.0", "", { "os": "linux", "cpu": "arm" }, "sha512-b7yslA+e6rPI4yMN1H/sVWH2SPRsP1OVfLMm3Von8PMTYl6A6YIB11ujVe2kI2zJJgCwIZpumH/PCgNgnHswdQ=="],

    "@oxc-transform/binding-linux-arm64-gnu": ["@oxc-transform/binding-linux-arm64-gnu@0.97.0", "", { "os": "linux", "cpu": "arm64" }, "sha512-ZPbn5Kf8ha9PZkIomNdcUULuYihdcwmuzd+97OH+fSDd/Ih7SUAZcMWkV390YDhSkn+M1rFhhctNzvyq12D03Q=="],

    "@oxc-transform/binding-linux-arm64-musl": ["@oxc-transform/binding-linux-arm64-musl@0.97.0", "", { "os": "linux", "cpu": "arm64" }, "sha512-8G3QSis4HaGgzQr+9lwrZ21D5xbaZdl7Lr3YflLzRzTXLjTmypHNqBc39ixv7UJXv8U4X7QX2gTwt+eTYVnuOg=="],

    "@oxc-transform/binding-linux-riscv64-gnu": ["@oxc-transform/binding-linux-riscv64-gnu@0.97.0", "", { "os": "linux", "cpu": "none" }, "sha512-VjlOW1L2f9DUC6KH9h/KNjbea3gm0IxGDlWlAJ6H4OOAjeIPMsTdb2GVBFL/bcYL6b+PfYNMS33a9+FDBg+DUQ=="],

    "@oxc-transform/binding-linux-s390x-gnu": ["@oxc-transform/binding-linux-s390x-gnu@0.97.0", "", { "os": "linux", "cpu": "s390x" }, "sha512-wMjz3U/Kd66KnyzfhkoCrwExBCsD6SuA4SbiCoVMcKixuSwn7uydeKDdnsG0zm7C/mWuHPoDeDJlBdwwgjBISg=="],

    "@oxc-transform/binding-linux-x64-gnu": ["@oxc-transform/binding-linux-x64-gnu@0.97.0", "", { "os": "linux", "cpu": "x64" }, "sha512-vKEgB43XDCVtSXuPNp2+y2LiBLSKIVLnW4ARJKPyRtZFlbovsZavdzgl3mYjARZhygGTkCh+knqHawUL+QtQOg=="],

    "@oxc-transform/binding-linux-x64-musl": ["@oxc-transform/binding-linux-x64-musl@0.97.0", "", { "os": "linux", "cpu": "x64" }, "sha512-gJq05JEv4wVglOajwQc4sQnPMl1pBVqjFmGj97BEzWAx+lTHKoCt0nqdxN1V4uxHJ8IwQcvyH1v8jWvT9HnZVw=="],

    "@oxc-transform/binding-wasm32-wasi": ["@oxc-transform/binding-wasm32-wasi@0.97.0", "", { "dependencies": { "@napi-rs/wasm-runtime": "^1.0.7" }, "cpu": "none" }, "sha512-GeQULU0NjplDPDLYHsipapD9JRh9SeX/e4eIfisCbrs7hK31uMOLQwFlRMHQkO5ATKuS/mC4Ic8bOxzn/dQYug=="],

    "@oxc-transform/binding-win32-arm64-msvc": ["@oxc-transform/binding-win32-arm64-msvc@0.97.0", "", { "os": "win32", "cpu": "arm64" }, "sha512-fSgn7Zub8gka2df22FKS6XRCCeuEgY/0HvfP3zMYaPkEKshSLxyb5Oz2epy+kfsjYDjtObW9sabtOhbb25JK4A=="],

    "@oxc-transform/binding-win32-x64-msvc": ["@oxc-transform/binding-win32-x64-msvc@0.97.0", "", { "os": "win32", "cpu": "x64" }, "sha512-3TcX7Osyz1BQEe89VzGb0FxEeQUy24VLSBV9yEtsNTBHJqb/kWcxAo7BQTsrE3asCOaAqtME+gvsMtd2HXQRAA=="],

    "@tybys/wasm-util": ["@tybys/wasm-util@0.10.1", "", { "dependencies": { "tslib": "^2.4.0" } }, "sha512-9tTaPJLSiejZKx+Bmog4uSubteqTvFrVrURwkmHixBo0G4seD0zUxp98E1DzUBJxLQ3NPwXrGKDiVjwx/DpPsg=="],

    "@types/bun": ["@types/bun@1.3.2", "", { "dependencies": { "bun-types": "1.3.2" } }, "sha512-t15P7k5UIgHKkxwnMNkJbWlh/617rkDGEdSsDbu+qNHTaz9SKf7aC8fiIlUdD5RPpH6GEkP0cK7WlvmrEBRtWg=="],

    "@types/node": ["@types/node@24.10.1", "", { "dependencies": { "undici-types": "~7.16.0" } }, "sha512-GNWcUTRBgIRJD5zj+Tq0fKOJ5XZajIiBroOF0yvj2bSU1WvNdYS/dn9UxwsujGW4JX06dnHyjV2y9rRaybH0iQ=="],

    "@types/react": ["@types/react@19.2.4", "", { "dependencies": { "csstype": "^3.0.2" } }, "sha512-tBFxBp9Nfyy5rsmefN+WXc1JeW/j2BpBHFdLZbEVfs9wn3E3NRFxwV0pJg8M1qQAexFpvz73hJXFofV0ZAu92A=="],

    "bun-types": ["bun-types@1.3.2", "", { "dependencies": { "@types/node": "*" }, "peerDependencies": { "@types/react": "^19" } }, "sha512-i/Gln4tbzKNuxP70OWhJRZz1MRfvqExowP7U6JKoI8cntFrtxg7RJK3jvz7wQW54UuvNC8tbKHHri5fy74FVqg=="],

    "csstype": ["csstype@3.1.3", "", {}, "sha512-M1uQkMl8rQK/szD0LNhtqxIPLpimGm8sOBwU7lLnCpSbTyY3yeU1Vc7l4KT5zT4s/yOxHH5O7tIuuLOCnLADRw=="],

    "oxc-transform": ["oxc-transform@0.97.0", "", { "optionalDependencies": { "@oxc-transform/binding-android-arm64": "0.97.0", "@oxc-transform/binding-darwin-arm64": "0.97.0", "@oxc-transform/binding-darwin-x64": "0.97.0", "@oxc-transform/binding-freebsd-x64": "0.97.0", "@oxc-transform/binding-linux-arm-gnueabihf": "0.97.0", "@oxc-transform/binding-linux-arm-musleabihf": "0.97.0", "@oxc-transform/binding-linux-arm64-gnu": "0.97.0", "@oxc-transform/binding-linux-arm64-musl": "0.97.0", "@oxc-transform/binding-linux-riscv64-gnu": "0.97.0", "@oxc-transform/binding-linux-s390x-gnu": "0.97.0", "@oxc-transform/binding-linux-x64-gnu": "0.97.0", "@oxc-transform/binding-linux-x64-musl": "0.97.0", "@oxc-transform/binding-wasm32-wasi": "0.97.0", "@oxc-transform/binding-win32-arm64-msvc": "0.97.0", "@oxc-transform/binding-win32-x64-msvc": "0.97.0" } }, "sha512-aL0ghVqJClYvHlnEkihLvjDg4CBU+Z6tdEBDlGRLVJR4U2S8a8LijLbdJD/dmkhgBA9f3ZSxxYHjCjFViFCJEw=="],

    "tslib": ["tslib@2.8.1", "", {}, "sha512-oJFu94HQb+KVduSUQL7wnpmqnfmLsOA/nAh6b6EH0wCEoK0/mPeXU6c3wKDV83MkOuHPRHtSXKKU99IBazS/2w=="],

    "tstp8": ["tstp8@0.0.2", "", { "dependencies": { "oxc-transform": "^0.97.0", "zod": "^4.1.12" }, "peerDependencies": { "typescript": "^5.9.3" }, "bin": { "tstp8": "out/tstp8" } }, "sha512-MHtU5xsDTqkLqlhqWwEjlx42YL0ZnooBTiK4UbLLHiSrizFSUnN6lqEfGz6NNwEjjtfOiQA0EZzHI+SoNF2LJQ=="],

    "typescript": ["typescript@5.9.3", "", { "bin": { "tsc": "bin/tsc", "tsserver": "bin/tsserver" } }, "sha512-jl1vZzPDinLr9eUt3J/t7V6FgNEw9QjvBPdysz9KfQDD41fQrC2Y4vKQdiaUpFT4bXlb1RHhLpp8wtm6M5TgSw=="],

    "undici-types": ["undici-types@7.16.0", "", {}, "sha512-Zz+aZWSj8LE6zoxD+xrjh4VfkIG8Ya6LvYkZqtUQGJPZjYl53ypCaUwWqo7eI0x66KBGeRo+mlBEkMSeSZ38Nw=="],

    "zod": ["zod@4.1.12", "", {}, "sha512-JInaHOamG8pt5+Ey8kGmdcAcg3OL9reK8ltczgHTAwNhMys/6ThXHityHxVV2p3fkw/c+MAvBHFVYHFZDmjMCQ=="],
  }
}
